
Microsoft Visual Studio Solution File, Format Version 12.00
# Visual Studio Version 17
VisualStudioVersion = 17.0.32112.339
MinimumVisualStudioVersion = 10.0.40219.1
Project("{FAE04EC0-301F-11D3-BF4B-00C04F79EFBC}") = "Specflow+RestSharp", "Specflow+RestSharp.csproj", "{B6F8AF83-744C-445A-BFB1-FCE8B05A50A8}"
EndProject
Global
	GlobalSection(SolutionConfigurationPlatforms) = preSolution
		Debug|Any CPU = Debug|Any CPU
		Release|Any CPU = Release|Any CPU
	EndGlobalSection
	GlobalSection(ProjectConfigurationPlatforms) = postSolution
		{B6F8AF83-744C-445A-BFB1-FCE8B05A50A8}.Debug|Any CPU.ActiveCfg = Debug|Any CPU
		{B6F8AF83-744C-445A-BFB1-FCE8B05A50A8}.Debug|Any CPU.Build.0 = Debug|Any CPU
		{B6F8AF83-744C-445A-BFB1-FCE8B05A50A8}.Release|Any CPU.ActiveCfg = Release|Any CPU
		{B6F8AF83-744C-445A-BFB1-FCE8B05A50A8}.Release|Any CPU.Build.0 = Release|Any CPU
	EndGlobalSection
	GlobalSection(SolutionProperties) = preSolution
		HideSolutionNode = FALSE
	EndGlobalSection
	GlobalSection(ExtensibilityGlobals) = postSolution
		SolutionGuid = {C50C888E-EFD2-4173-AC6C-43BB2DBEFD51}
	EndGlobalSection
EndGlobal
